
Microsoft Visual Studio Solution File, Format Version 12.00
# Visual Studio Version 17
VisualStudioVersion = 17.8.34316.72
MinimumVisualStudioVersion = 10.0.40219.1
Project("{FAE04EC0-301F-11D3-BF4B-00C04F79EFBC}") = "ej2Practica02", "ej2Practica02\ej2Practica02.csproj", "{9491BE17-36D2-43FE-8C4E-3FC641FFD240}"
EndProject
Global
	GlobalSection(SolutionConfigurationPlatforms) = preSolution
		Debug|Any CPU = Debug|Any CPU
		Release|Any CPU = Release|Any CPU
	EndGlobalSection
	GlobalSection(ProjectConfigurationPlatforms) = postSolution
		{9491BE17-36D2-43FE-8C4E-3FC641FFD240}.Debug|Any CPU.ActiveCfg = Debug|Any CPU
		{9491BE17-36D2-43FE-8C4E-3FC641FFD240}.Debug|Any CPU.Build.0 = Debug|Any CPU
		{9491BE17-36D2-43FE-8C4E-3FC641FFD240}.Release|Any CPU.ActiveCfg = Release|Any CPU
		{9491BE17-36D2-43FE-8C4E-3FC641FFD240}.Release|Any CPU.Build.0 = Release|Any CPU
	EndGlobalSection
	GlobalSection(SolutionProperties) = preSolution
		HideSolutionNode = FALSE
	EndGlobalSection
	GlobalSection(ExtensibilityGlobals) = postSolution
		SolutionGuid = {02321E16-5E97-45B7-A3AB-5199EC503535}
	EndGlobalSection
EndGlobal
